Microsoft Visual Studio Solution File, Format Version 11.00
# Visual Studio 2008

Project("{3D077DE8-808E-CE78-CF77-C4852BFF2892}") = "3dApartmentTours", "Assembly-CSharp-firstpass.csproj", "{30FD7650-8F06-2436-B272-6776B2F2C0A5}"
EndProject
Project("{3D077DE8-808E-CE78-CF77-C4852BFF2892}") = "3dApartmentTours", "Assembly-CSharp.csproj", "{E698316C-D182-42EA-A7F5-9C245626D74B}"
EndProject
Project("{3D077DE8-808E-CE78-CF77-C4852BFF2892}") = "3dApartmentTours", "Assembly-UnityScript-firstpass.unityproj", "{AAAB735A-96A9-100F-6936-0614CE4BF490}"
EndProject
Project("{3D077DE8-808E-CE78-CF77-C4852BFF2892}") = "3dApartmentTours", "Assembly-UnityScript.unityproj", "{52634F65-E55D-ED6A-6A8E-142382CCE176}"
EndProject
Global
	GlobalSection(SolutionConfigurationPlatforms) = preSolution
		Debug|Any CPU = Debug|Any CPU
		Release|Any CPU = Release|Any CPU
	EndGlobalSection
	GlobalSection(ProjectConfigurationPlatforms) = postSolution
		{30FD7650-8F06-2436-B272-6776B2F2C0A5}.Debug|Any CPU.ActiveCfg = Debug|Any CPU
		{30FD7650-8F06-2436-B272-6776B2F2C0A5}.Debug|Any CPU.Build.0 = Debug|Any CPU
		{30FD7650-8F06-2436-B272-6776B2F2C0A5}.Release|Any CPU.ActiveCfg = Release|Any CPU
		{30FD7650-8F06-2436-B272-6776B2F2C0A5}.Release|Any CPU.Build.0 = Release|Any CPU
		{E698316C-D182-42EA-A7F5-9C245626D74B}.Debug|Any CPU.ActiveCfg = Debug|Any CPU
		{E698316C-D182-42EA-A7F5-9C245626D74B}.Debug|Any CPU.Build.0 = Debug|Any CPU
		{E698316C-D182-42EA-A7F5-9C245626D74B}.Release|Any CPU.ActiveCfg = Release|Any CPU
		{E698316C-D182-42EA-A7F5-9C245626D74B}.Release|Any CPU.Build.0 = Release|Any CPU
		{AAAB735A-96A9-100F-6936-0614CE4BF490}.Debug|Any CPU.ActiveCfg = Debug|Any CPU
		{AAAB735A-96A9-100F-6936-0614CE4BF490}.Debug|Any CPU.Build.0 = Debug|Any CPU
		{AAAB735A-96A9-100F-6936-0614CE4BF490}.Release|Any CPU.ActiveCfg = Release|Any CPU
		{AAAB735A-96A9-100F-6936-0614CE4BF490}.Release|Any CPU.Build.0 = Release|Any CPU
		{52634F65-E55D-ED6A-6A8E-142382CCE176}.Debug|Any CPU.ActiveCfg = Debug|Any CPU
		{52634F65-E55D-ED6A-6A8E-142382CCE176}.Debug|Any CPU.Build.0 = Debug|Any CPU
		{52634F65-E55D-ED6A-6A8E-142382CCE176}.Release|Any CPU.ActiveCfg = Release|Any CPU
		{52634F65-E55D-ED6A-6A8E-142382CCE176}.Release|Any CPU.Build.0 = Release|Any CPU
	EndGlobalSection
	GlobalSection(SolutionProperties) = preSolution
		HideSolutionNode = FALSE
	EndGlobalSection
										GlobalSection(MonoDevelopProperties) = preSolution
		StartupItem = Assembly-CSharp.csproj
		Policies = $0
		$0.TextStylePolicy = $1
		$1.inheritsSet = null
		$1.scope = text/x-csharp
		$0.CSharpFormattingPolicy = $2
		$2.inheritsSet = Mono
		$2.inheritsScope = text/x-csharp
		$2.scope = text/x-csharp
		$0.TextStylePolicy = $3
		$3.FileWidth = 120
		$3.TabWidth = 4
		$3.IndentWidth = 4
		$3.EolMarker = Unix
		$3.inheritsSet = Mono
		$3.inheritsScope = text/plain
		$3.scope = text/plain
	EndGlobalSection

EndGlobal
